
Microsoft Visual Studio Solution File, Format Version 12.00
# Visual Studio Version 17
VisualStudioVersion = 17.1.32228.430
MinimumVisualStudioVersion = 10.0.40219.1
Project("{9A19103F-16F7-4668-BE54-9A1E7A4F7556}") = "DbfConverterDotNet", "DbfConverterDotNet\DbfConverterDotNet.csproj", "{0C8D115B-7430-4B02-AD35-D691FA121849}"
EndProject
Project("{FAE04EC0-301F-11D3-BF4B-00C04F79EFBC}") = "DbfConverterDotNetTests", "DbfConverterDotNetTests\DbfConverterDotNetTests.csproj", "{93A8A7F4-7CFD-49CD-9D28-1012E0810B16}"
EndProject
Global
	GlobalSection(SolutionConfigurationPlatforms) = preSolution
		Debug|Any CPU = Debug|Any CPU
		Release|Any CPU = Release|Any CPU
	EndGlobalSection
	GlobalSection(ProjectConfigurationPlatforms) = postSolution
		{0C8D115B-7430-4B02-AD35-D691FA121849}.Debug|Any CPU.ActiveCfg = Debug|Any CPU
		{0C8D115B-7430-4B02-AD35-D691FA121849}.Debug|Any CPU.Build.0 = Debug|Any CPU
		{0C8D115B-7430-4B02-AD35-D691FA121849}.Release|Any CPU.ActiveCfg = Release|Any CPU
		{0C8D115B-7430-4B02-AD35-D691FA121849}.Release|Any CPU.Build.0 = Release|Any CPU
		{93A8A7F4-7CFD-49CD-9D28-1012E0810B16}.Debug|Any CPU.ActiveCfg = Debug|Any CPU
		{93A8A7F4-7CFD-49CD-9D28-1012E0810B16}.Debug|Any CPU.Build.0 = Debug|Any CPU
		{93A8A7F4-7CFD-49CD-9D28-1012E0810B16}.Release|Any CPU.ActiveCfg = Release|Any CPU
		{93A8A7F4-7CFD-49CD-9D28-1012E0810B16}.Release|Any CPU.Build.0 = Release|Any CPU
	EndGlobalSection
	GlobalSection(SolutionProperties) = preSolution
		HideSolutionNode = FALSE
	EndGlobalSection
	GlobalSection(ExtensibilityGlobals) = postSolution
		SolutionGuid = {CB87F2F6-76BF-40F6-BD06-395E3E98BFF7}
	EndGlobalSection
EndGlobal
